<?xml version="1.0" encoding="utf-8"?>
<Project ToolsVersion="4.0" xmlns="http://schemas.microsoft.com/developer/msbuild/2003">
  <ItemGroup>
    <Filter Include="Source Files">
      <UniqueIdentifier>{4FC737F1-C7A5-4376-A066-2A32D752A2FF}</UniqueIdentifier>
      <Extensions>cpp;c;cc;cxx;def;odl;idl;hpj;bat;asm;asmx</Extensions>
    </Filter>
    <Filter Include="Header Files">
      <UniqueIdentifier>{93995380-89BD-4b04-88EB-625FBE52EBFB}</UniqueIdentifier>
      <Extensions>h;hh;hpp;hxx;hm;inl;inc;xsd</Extensions>
    </Filter>
    <Filter Include="Resource Files">
      <UniqueIdentifier>{67DA6AB6-F800-4c08-8B7A-83BB121AAD01}</UniqueIdentifier>
      <Extensions>rc;ico;cur;bmp;dlg;rc2;rct;bin;rgs;gif;jpg;jpeg;jpe;resx;tiff;tif;png;wav;mfcribbon-ms</Extensions>
    </Filter>
  </ItemGroup>
  <ItemGroup>
    <ClInclude Include="codes\core\ICyclicCode.h">
      <Filter>Header Files</Filter>
    </ClInclude>
    <ClInclude Include="codes\impl\ReedMuller.h">
      <Filter>Header Files</Filter>
    </ClInclude>
    <ClInclude Include="algebra\Algebra.h">
      <Filter>Header Files</Filter>
    </ClInclude>
    <ClInclude Include="algebra\ConsecutivePolynomialGenerator.h">
      <Filter>Header Files</Filter>
    </ClInclude>
    <ClInclude Include="algebra\Factorizer.h">
      <Filter>Header Files</Filter>
    </ClInclude>
    <ClInclude Include="algebra\GaloisFieldExtension.h">
      <Filter>Header Files</Filter>
    </ClInclude>
    <ClInclude Include="algebra\Polynomial.h">
      <Filter>Header Files</Filter>
    </ClInclude>
    <ClInclude Include="algebra\PolynomialGenerator.h">
      <Filter>Header Files</Filter>
    </ClInclude>
    <ClInclude Include="algebra\RandomPolynomialGenerator.h">
      <Filter>Header Files</Filter>
    </ClInclude>
    <ClInclude Include="codes\core\ICode.h">
      <Filter>Header Files</Filter>
    </ClInclude>
    <ClInclude Include="codes\core\ICodeData.h">
      <Filter>Header Files</Filter>
    </ClInclude>
    <ClInclude Include="codes\core\IBlockCode.h">
      <Filter>Header Files</Filter>
    </ClInclude>
    <ClInclude Include="codes\core\ILinearCode.h">
      <Filter>Header Files</Filter>
    </ClInclude>
  </ItemGroup>
  <ItemGroup>
    <ClCompile Include="codes\example.cc">
      <Filter>Source Files</Filter>
    </ClCompile>
    <ClCompile Include="algebra\Algebra.cc">
      <Filter>Source Files</Filter>
    </ClCompile>
    <ClCompile Include="algebra\examples.cc">
      <Filter>Source Files</Filter>
    </ClCompile>
    <ClCompile Include="algebra\Factorizer.cc">
      <Filter>Source Files</Filter>
    </ClCompile>
    <ClCompile Include="algebra\Polynomial.cc">
      <Filter>Source Files</Filter>
    </ClCompile>
  </ItemGroup>
</Project>