<?xml version="1.0" encoding="utf-8"?>
<Project ToolsVersion="4.0" xmlns="http://schemas.microsoft.com/developer/msbuild/2003">
  <ItemGroup>
    <Filter Include="Source Files">
      <UniqueIdentifier>{4FC737F1-C7A5-4376-A066-2A32D752A2FF}</UniqueIdentifier>
      <Extensions>cpp;c;cc;cxx;def;odl;idl;hpj;bat;asm;asmx</Extensions>
    </Filter>
    <Filter Include="Header Files">
      <UniqueIdentifier>{93995380-89BD-4b04-88EB-625FBE52EBFB}</UniqueIdentifier>
      <Extensions>h;hh;hpp;hxx;hm;inl;inc;xsd</Extensions>
    </Filter>
    <Filter Include="Resource Files">
      <UniqueIdentifier>{67DA6AB6-F800-4c08-8B7A-83BB121AAD01}</UniqueIdentifier>
      <Extensions>rc;ico;cur;bmp;dlg;rc2;rct;bin;rgs;gif;jpg;jpeg;jpe;resx;tiff;tif;png;wav;mfcribbon-ms</Extensions>
    </Filter>
    <Filter Include="Header Files\algebra">
      <UniqueIdentifier>{1abd0447-1154-4fba-b3af-903129c6f322}</UniqueIdentifier>
    </Filter>
    <Filter Include="Source Files\algebra">
      <UniqueIdentifier>{4b81bd33-51ae-4e46-8c5c-5d297cedbe44}</UniqueIdentifier>
    </Filter>
    <Filter Include="Source Files\algebra\utils">
      <UniqueIdentifier>{14afa3ee-437d-465a-8c21-1b658806858b}</UniqueIdentifier>
    </Filter>
    <Filter Include="Header Files\algebra\utils">
      <UniqueIdentifier>{4c4027ff-144c-4da3-9f66-699e2f58a9c5}</UniqueIdentifier>
    </Filter>
    <Filter Include="Header Files\algebra\common">
      <UniqueIdentifier>{b87ac84e-cb2d-4dcd-8bbb-b5bbad6f5dfa}</UniqueIdentifier>
    </Filter>
    <Filter Include="Header Files\algebra\finite">
      <UniqueIdentifier>{95a62180-1556-43d3-bb97-ccf058673423}</UniqueIdentifier>
    </Filter>
    <Filter Include="Header Files\algebra\finite\impl">
      <UniqueIdentifier>{0fd151dc-6d33-4a07-8c08-db1abd599023}</UniqueIdentifier>
    </Filter>
  </ItemGroup>
  <ItemGroup>
    <ClCompile Include="..\..\src\examples\examples_algebra.cc">
      <Filter>Source Files</Filter>
    </ClCompile>
    <ClCompile Include="..\..\src\algebra\*.cc">
      <Filter>Source Files\algebra</Filter>
    </ClCompile>
    <ClCompile Include="..\..\src\algebra\Factorizer.cc" />
    <ClCompile Include="..\..\src\algebra\Polynomial.cc" />
    <ClCompile Include="..\..\src\algebra\Factorizer.cc" />
    <ClCompile Include="..\..\src\algebra\Polynomial.cc" />
    <ClCompile Include="..\..\src\algebra\Algebra.cc">
      <Filter>Source Files\algebra</Filter>
    </ClCompile>
    <ClCompile Include="..\..\src\algebra\Factorizer.cc" />
    <ClCompile Include="..\..\src\algebra\Polynomial.cc" />
    <ClCompile Include="..\..\src\algebra\Algebra.cc">
      <Filter>Source Files\algebra</Filter>
    </ClCompile>
    <ClCompile Include="..\..\src\algebra\Factorizer.cc" />
    <ClCompile Include="..\..\src\algebra\Polynomial.cc" />
    <ClCompile Include="..\..\src\algebra\*\*.cc">
      <Filter>Source Files\algebra\utils</Filter>
    </ClCompile>
  </ItemGroup>
  <ItemGroup>
    <ClInclude Include="..\..\src\algebra\*.h">
      <Filter>Header Files\algebra</Filter>
    </ClInclude>
    <ClInclude Include="..\..\src\algebra\finite\FiniteAlgebraError.h">
      <Filter>Header Files\algebra\finite</Filter>
    </ClInclude>
    <ClInclude Include="..\..\src\algebra\finite\Group.h">
      <Filter>Header Files\algebra\finite</Filter>
    </ClInclude>
    <ClInclude Include="..\..\src\algebra\finite\Ring.h">
      <Filter>Header Files\algebra\finite</Filter>
    </ClInclude>
    <ClInclude Include="..\..\src\algebra\ConsecutivePolynomialGenerator.h" />
    <ClInclude Include="..\..\src\algebra\Factorizer.h" />
    <ClInclude Include="..\..\src\algebra\GaloisFieldExtension.h" />
    <ClInclude Include="..\..\src\algebra\Polynomial.h" />
    <ClInclude Include="..\..\src\algebra\PolynomialGenerator.h" />
    <ClInclude Include="..\..\src\algebra\RandomPolynomialGenerator.h" />
    <ClInclude Include="..\..\src\algebra\ConsecutivePolynomialGenerator.h" />
    <ClInclude Include="..\..\src\algebra\Factorizer.h" />
    <ClInclude Include="..\..\src\algebra\GaloisFieldExtension.h" />
    <ClInclude Include="..\..\src\algebra\Polynomial.h" />
    <ClInclude Include="..\..\src\algebra\PolynomialGenerator.h" />
    <ClInclude Include="..\..\src\algebra\RandomPolynomialGenerator.h" />
    <ClInclude Include="..\..\src\algebra\ConsecutivePolynomialGenerator.h" />
    <ClInclude Include="..\..\src\algebra\Factorizer.h" />
    <ClInclude Include="..\..\src\algebra\GaloisFieldExtension.h" />
    <ClInclude Include="..\..\src\algebra\Polynomial.h" />
    <ClInclude Include="..\..\src\algebra\PolynomialGenerator.h" />
    <ClInclude Include="..\..\src\algebra\RandomPolynomialGenerator.h" />
    <ClInclude Include="..\..\src\algebra\ConsecutivePolynomialGenerator.h" />
    <ClInclude Include="..\..\src\algebra\Factorizer.h" />
    <ClInclude Include="..\..\src\algebra\GaloisFieldExtension.h" />
    <ClInclude Include="..\..\src\algebra\Polynomial.h" />
    <ClInclude Include="..\..\src\algebra\PolynomialGenerator.h" />
    <ClInclude Include="..\..\src\algebra\RandomPolynomialGenerator.h" />
    <ClInclude Include="..\..\src\algebra\ConsecutivePolynomialGenerator.h" />
    <ClInclude Include="..\..\src\algebra\Factorizer.h" />
    <ClInclude Include="..\..\src\algebra\GaloisFieldExtension.h" />
    <ClInclude Include="..\..\src\algebra\Polynomial.h" />
    <ClInclude Include="..\..\src\algebra\PolynomialGenerator.h" />
    <ClInclude Include="..\..\src\algebra\RandomPolynomialGenerator.h" />
    <ClInclude Include="..\..\src\algebra\ConsecutivePolynomialGenerator.h" />
    <ClInclude Include="..\..\src\algebra\Factorizer.h" />
    <ClInclude Include="..\..\src\algebra\GaloisFieldExtension.h" />
    <ClInclude Include="..\..\src\algebra\Polynomial.h" />
    <ClInclude Include="..\..\src\algebra\PolynomialGenerator.h" />
    <ClInclude Include="..\..\src\algebra\RandomPolynomialGenerator.h" />
    <ClInclude Include="..\..\src\algebra\finite\Field.h" />
    <ClInclude Include="..\..\src\algebra\finite\FiniteAlgebraError.h" />
    <ClInclude Include="..\..\src\algebra\finite\Group.h" />
    <ClInclude Include="..\..\src\algebra\finite\Ring.h" />
    <ClInclude Include="..\..\src\algebra\utils\utils.h" />
    <ClInclude Include="..\..\src\algebra\finite\Field.h" />
    <ClInclude Include="..\..\src\algebra\finite\FiniteAlgebraError.h" />
    <ClInclude Include="..\..\src\algebra\finite\Group.h" />
    <ClInclude Include="..\..\src\algebra\finite\Ring.h" />
    <ClInclude Include="..\..\src\algebra\utils\utils.h" />
    <ClInclude Include="..\..\src\algebra\finite\Field.h" />
    <ClInclude Include="..\..\src\algebra\finite\FiniteAlgebraError.h" />
    <ClInclude Include="..\..\src\algebra\finite\Group.h" />
    <ClInclude Include="..\..\src\algebra\finite\Ring.h" />
    <ClInclude Include="..\..\src\algebra\utils\utils.h" />
    <ClInclude Include="..\..\src\algebra\finite\Field.h" />
    <ClInclude Include="..\..\src\algebra\finite\FiniteAlgebraError.h" />
    <ClInclude Include="..\..\src\algebra\finite\Group.h" />
    <ClInclude Include="..\..\src\algebra\finite\Ring.h" />
    <ClInclude Include="..\..\src\algebra\utils\utils.h" />
    <ClInclude Include="..\..\src\algebra\finite\Field.h" />
    <ClInclude Include="..\..\src\algebra\finite\FiniteAlgebraError.h" />
    <ClInclude Include="..\..\src\algebra\finite\Group.h" />
    <ClInclude Include="..\..\src\algebra\finite\Ring.h" />
    <ClInclude Include="..\..\src\algebra\utils\utils.h" />
    <ClInclude Include="..\..\src\algebra\finite\Field.h" />
    <ClInclude Include="..\..\src\algebra\finite\FiniteAlgebraError.h" />
    <ClInclude Include="..\..\src\algebra\finite\Group.h" />
    <ClInclude Include="..\..\src\algebra\finite\Ring.h" />
    <ClInclude Include="..\..\src\algebra\utils\utils.h" />
    <ClInclude Include="..\..\src\algebra\common\combinatorics.h">
      <Filter>Header Files\algebra\common</Filter>
    </ClInclude>
    <ClInclude Include="..\..\src\algebra\finite\Field.h" />
    <ClInclude Include="..\..\src\algebra\finite\FiniteAlgebraError.h" />
    <ClInclude Include="..\..\src\algebra\finite\Group.h" />
    <ClInclude Include="..\..\src\algebra\finite\Ring.h" />
    <ClInclude Include="..\..\src\algebra\utils\utils.h" />
    <ClInclude Include="..\..\src\algebra\Algebra.h">
      <Filter>Header Files\algebra</Filter>
    </ClInclude>
    <ClInclude Include="..\..\src\algebra\ConsecutivePolynomialGenerator.h" />
    <ClInclude Include="..\..\src\algebra\Factorizer.h" />
    <ClInclude Include="..\..\src\algebra\GaloisFieldExtension.h" />
    <ClInclude Include="..\..\src\algebra\Polynomial.h" />
    <ClInclude Include="..\..\src\algebra\PolynomialGenerator.h" />
    <ClInclude Include="..\..\src\algebra\RandomPolynomialGenerator.h" />
    <ClInclude Include="..\..\src\algebra\Algebra.h">
      <Filter>Header Files\algebra</Filter>
    </ClInclude>
    <ClInclude Include="..\..\src\algebra\ConsecutivePolynomialGenerator.h" />
    <ClInclude Include="..\..\src\algebra\Factorizer.h" />
    <ClInclude Include="..\..\src\algebra\GaloisFieldExtension.h" />
    <ClInclude Include="..\..\src\algebra\Polynomial.h" />
    <ClInclude Include="..\..\src\algebra\PolynomialGenerator.h" />
    <ClInclude Include="..\..\src\algebra\RandomPolynomialGenerator.h" />
    <ClInclude Include="..\..\src\algebra\finite\Field.h" />
    <ClInclude Include="..\..\src\algebra\finite\FiniteAlgebraError.h" />
    <ClInclude Include="..\..\src\algebra\finite\Group.h" />
    <ClInclude Include="..\..\src\algebra\finite\Ring.h" />
    <ClInclude Include="..\..\src\algebra\utils\utils.h" />
    <ClInclude Include="..\..\src\algebra\common\combinatorics.h">
      <Filter>Header Files\algebra</Filter>
    </ClInclude>
    <ClInclude Include="..\..\src\algebra\finite\Field.h" />
    <ClInclude Include="..\..\src\algebra\finite\FiniteAlgebraError.h" />
    <ClInclude Include="..\..\src\algebra\finite\Group.h" />
    <ClInclude Include="..\..\src\algebra\finite\Ring.h" />
    <ClInclude Include="..\..\src\algebra\utils\utils.h" />
    <ClInclude Include="..\..\src\algebra\Algebra.h">
      <Filter>Header Files\algebra</Filter>
    </ClInclude>
    <ClInclude Include="..\..\src\algebra\ConsecutivePolynomialGenerator.h" />
    <ClInclude Include="..\..\src\algebra\Factorizer.h" />
    <ClInclude Include="..\..\src\algebra\GaloisFieldExtension.h" />
    <ClInclude Include="..\..\src\algebra\Polynomial.h" />
    <ClInclude Include="..\..\src\algebra\PolynomialGenerator.h" />
    <ClInclude Include="..\..\src\algebra\RandomPolynomialGenerator.h" />
    <ClInclude Include="..\..\src\algebra\finite\Field.h" />
    <ClInclude Include="..\..\src\algebra\finite\FiniteAlgebraError.h" />
    <ClInclude Include="..\..\src\algebra\finite\Group.h" />
    <ClInclude Include="..\..\src\algebra\finite\Ring.h" />
    <ClInclude Include="..\..\src\algebra\utils\utils.h" />
    <ClInclude Include="..\..\src\algebra\Algebra.h">
      <Filter>Header Files\algebra</Filter>
    </ClInclude>
    <ClInclude Include="..\..\src\algebra\ConsecutivePolynomialGenerator.h" />
    <ClInclude Include="..\..\src\algebra\Factorizer.h" />
    <ClInclude Include="..\..\src\algebra\GaloisFieldExtension.h" />
    <ClInclude Include="..\..\src\algebra\Polynomial.h" />
    <ClInclude Include="..\..\src\algebra\PolynomialGenerator.h" />
    <ClInclude Include="..\..\src\algebra\RandomPolynomialGenerator.h" />
    <ClInclude Include="..\..\src\algebra\Algebra.h">
      <Filter>Header Files\algebra</Filter>
    </ClInclude>
    <ClInclude Include="..\..\src\algebra\ConsecutivePolynomialGenerator.h" />
    <ClInclude Include="..\..\src\algebra\Factorizer.h" />
    <ClInclude Include="..\..\src\algebra\GaloisFieldExtension.h" />
    <ClInclude Include="..\..\src\algebra\Polynomial.h" />
    <ClInclude Include="..\..\src\algebra\PolynomialGenerator.h" />
    <ClInclude Include="..\..\src\algebra\RandomPolynomialGenerator.h" />
    <ClInclude Include="..\..\src\algebra\Algebra.h">
      <Filter>Header Files\algebra</Filter>
    </ClInclude>
    <ClInclude Include="..\..\src\algebra\ConsecutivePolynomialGenerator.h" />
    <ClInclude Include="..\..\src\algebra\Factorizer.h" />
    <ClInclude Include="..\..\src\algebra\GaloisFieldExtension.h" />
    <ClInclude Include="..\..\src\algebra\Polynomial.h" />
    <ClInclude Include="..\..\src\algebra\PolynomialGenerator.h" />
    <ClInclude Include="..\..\src\algebra\RandomPolynomialGenerator.h" />
    <ClInclude Include="..\..\src\algebra\common\combinatorics.h">
      <Filter>Header Files\algebra\finite</Filter>
    </ClInclude>
    <ClInclude Include="..\..\src\algebra\finite\Field.h" />
    <ClInclude Include="..\..\src\algebra\finite\FiniteAlgebraError.h" />
    <ClInclude Include="..\..\src\algebra\finite\Group.h" />
    <ClInclude Include="..\..\src\algebra\finite\Ring.h" />
    <ClInclude Include="..\..\src\algebra\utils\utils.h" />
    <ClInclude Include="..\..\src\algebra\finite\Field.h" />
    <ClInclude Include="..\..\src\algebra\finite\FiniteAlgebraError.h" />
    <ClInclude Include="..\..\src\algebra\finite\Group.h" />
    <ClInclude Include="..\..\src\algebra\finite\Ring.h" />
    <ClInclude Include="..\..\src\algebra\utils\utils.h" />
    <ClInclude Include="..\..\src\algebra\common\combinatorics.h">
      <Filter>Header Files\algebra\utils</Filter>
    </ClInclude>
    <ClInclude Include="..\..\src\algebra\finite\Field.h" />
    <ClInclude Include="..\..\src\algebra\finite\FiniteAlgebraError.h" />
    <ClInclude Include="..\..\src\algebra\finite\Group.h" />
    <ClInclude Include="..\..\src\algebra\finite\Ring.h" />
    <ClInclude Include="..\..\src\algebra\utils\utils.h" />
    <ClInclude Include="..\..\src\algebra\common\combinatorics.h">
      <Filter>Header Files\algebra\finite</Filter>
    </ClInclude>
    <ClInclude Include="..\..\src\algebra\finite\Field.h" />
    <ClInclude Include="..\..\src\algebra\finite\FiniteAlgebraError.h" />
    <ClInclude Include="..\..\src\algebra\finite\Group.h" />
    <ClInclude Include="..\..\src\algebra\finite\Ring.h" />
    <ClInclude Include="..\..\src\algebra\utils\utils.h" />
    <ClInclude Include="..\..\src\algebra\common\combinatorics.h">
      <Filter>Header Files\algebra\finite</Filter>
    </ClInclude>
    <ClInclude Include="..\..\src\algebra\finite\Field.h" />
    <ClInclude Include="..\..\src\algebra\finite\FiniteAlgebraError.h" />
    <ClInclude Include="..\..\src\algebra\finite\Group.h" />
    <ClInclude Include="..\..\src\algebra\finite\Ring.h" />
    <ClInclude Include="..\..\src\algebra\utils\utils.h" />
    <ClInclude Include="..\..\src\algebra\*\*\*.h">
      <Filter>Header Files\algebra\finite\impl</Filter>
    </ClInclude>
  </ItemGroup>
</Project>